
Microsoft Visual Studio Solution File, Format Version 12.00
# Visual Studio Version 17
VisualStudioVersion = 17.0.31710.8
MinimumVisualStudioVersion = 10.0.40219.1
Project("{9A19103F-16F7-4668-BE54-9A1E7A4F7556}") = "BlazorCaptcha", "BlazorCaptcha\BlazorCaptcha.csproj", "{C7C98B4F-68A4-40B4-A1BA-A095AB20DB07}"
EndProject
Project("{9A19103F-16F7-4668-BE54-9A1E7A4F7556}") = "Blazor-Wasm-Captcha-Test", "Blazor-Wasm-Captcha-Test\Blazor-Wasm-Captcha-Test.csproj", "{FC94674E-B253-4A80-B0A4-04E18430CC3D}"
EndProject
Project("{FAE04EC0-301F-11D3-BF4B-00C04F79EFBC}") = "BlazorCaptchaTest", "BlazorCaptchaTest\BlazorCaptchaTest.csproj", "{9D60396B-4540-4133-ACDE-4C1335572DF2}"
EndProject
Global
	GlobalSection(SolutionConfigurationPlatforms) = preSolution
		Debug|Any CPU = Debug|Any CPU
		Release|Any CPU = Release|Any CPU
	EndGlobalSection
	GlobalSection(ProjectConfigurationPlatforms) = postSolution
		{C7C98B4F-68A4-40B4-A1BA-A095AB20DB07}.Debug|Any CPU.ActiveCfg = Debug|Any CPU
		{C7C98B4F-68A4-40B4-A1BA-A095AB20DB07}.Debug|Any CPU.Build.0 = Debug|Any CPU
		{C7C98B4F-68A4-40B4-A1BA-A095AB20DB07}.Release|Any CPU.ActiveCfg = Release|Any CPU
		{C7C98B4F-68A4-40B4-A1BA-A095AB20DB07}.Release|Any CPU.Build.0 = Release|Any CPU
		{FC94674E-B253-4A80-B0A4-04E18430CC3D}.Debug|Any CPU.ActiveCfg = Debug|Any CPU
		{FC94674E-B253-4A80-B0A4-04E18430CC3D}.Debug|Any CPU.Build.0 = Debug|Any CPU
		{FC94674E-B253-4A80-B0A4-04E18430CC3D}.Release|Any CPU.ActiveCfg = Release|Any CPU
		{FC94674E-B253-4A80-B0A4-04E18430CC3D}.Release|Any CPU.Build.0 = Release|Any CPU
		{9D60396B-4540-4133-ACDE-4C1335572DF2}.Debug|Any CPU.ActiveCfg = Debug|Any CPU
		{9D60396B-4540-4133-ACDE-4C1335572DF2}.Debug|Any CPU.Build.0 = Debug|Any CPU
		{9D60396B-4540-4133-ACDE-4C1335572DF2}.Release|Any CPU.ActiveCfg = Release|Any CPU
		{9D60396B-4540-4133-ACDE-4C1335572DF2}.Release|Any CPU.Build.0 = Release|Any CPU
	EndGlobalSection
	GlobalSection(SolutionProperties) = preSolution
		HideSolutionNode = FALSE
	EndGlobalSection
	GlobalSection(ExtensibilityGlobals) = postSolution
		SolutionGuid = {BF5DBA06-12CD-4D0D-86A6-0B940B186EA0}
	EndGlobalSection
EndGlobal
